
Microsoft Visual Studio Solution File, Format Version 12.00
# Visual Studio Version 17
VisualStudioVersion = 17.4.33110.190
MinimumVisualStudioVersion = 10.0.40219.1
Project("{FAE04EC0-301F-11D3-BF4B-00C04F79EFBC}") = "CostOfTile", "CostOfTile.csproj", "{A0CE8CAF-1FA4-467A-9DC2-38A9A0E11F96}"
EndProject
Global
	GlobalSection(SolutionConfigurationPlatforms) = preSolution
		Debug|Any CPU = Debug|Any CPU
		Release|Any CPU = Release|Any CPU
	EndGlobalSection
	GlobalSection(ProjectConfigurationPlatforms) = postSolution
		{A0CE8CAF-1FA4-467A-9DC2-38A9A0E11F96}.Debug|Any CPU.ActiveCfg = Debug|Any CPU
		{A0CE8CAF-1FA4-467A-9DC2-38A9A0E11F96}.Debug|Any CPU.Build.0 = Debug|Any CPU
		{A0CE8CAF-1FA4-467A-9DC2-38A9A0E11F96}.Release|Any CPU.ActiveCfg = Release|Any CPU
		{A0CE8CAF-1FA4-467A-9DC2-38A9A0E11F96}.Release|Any CPU.Build.0 = Release|Any CPU
	EndGlobalSection
	GlobalSection(SolutionProperties) = preSolution
		HideSolutionNode = FALSE
	EndGlobalSection
	GlobalSection(ExtensibilityGlobals) = postSolution
		SolutionGuid = {2C2077A5-7E8E-4E36-99FF-AED861B73DE5}
	EndGlobalSection
EndGlobal
